
Microsoft Visual Studio Solution File, Format Version 12.00
# Visual Studio Version 17
VisualStudioVersion = 17.0.31903.59
MinimumVisualStudioVersion = 10.0.40219.1
Project("{FAE04EC0-301F-11D3-BF4B-00C04F79EFBC}") = "tp24", "tp24\tp24.csproj", "{2BBABE07-3347-4D7E-AB92-4BF2A81D46DC}"
EndProject
Project("{FAE04EC0-301F-11D3-BF4B-00C04F79EFBC}") = "tests", "tests\tests.csproj", "{C982F08E-E2EB-4AE6-A5EB-32918A555440}"
EndProject
Global
	GlobalSection(SolutionConfigurationPlatforms) = preSolution
		Debug|Any CPU = Debug|Any CPU
		Release|Any CPU = Release|Any CPU
	EndGlobalSection
	GlobalSection(SolutionProperties) = preSolution
		HideSolutionNode = FALSE
	EndGlobalSection
	GlobalSection(ProjectConfigurationPlatforms) = postSolution
		{2BBABE07-3347-4D7E-AB92-4BF2A81D46DC}.Debug|Any CPU.ActiveCfg = Debug|Any CPU
		{2BBABE07-3347-4D7E-AB92-4BF2A81D46DC}.Debug|Any CPU.Build.0 = Debug|Any CPU
		{2BBABE07-3347-4D7E-AB92-4BF2A81D46DC}.Release|Any CPU.ActiveCfg = Release|Any CPU
		{2BBABE07-3347-4D7E-AB92-4BF2A81D46DC}.Release|Any CPU.Build.0 = Release|Any CPU
		{C982F08E-E2EB-4AE6-A5EB-32918A555440}.Debug|Any CPU.ActiveCfg = Debug|Any CPU
		{C982F08E-E2EB-4AE6-A5EB-32918A555440}.Debug|Any CPU.Build.0 = Debug|Any CPU
		{C982F08E-E2EB-4AE6-A5EB-32918A555440}.Release|Any CPU.ActiveCfg = Release|Any CPU
		{C982F08E-E2EB-4AE6-A5EB-32918A555440}.Release|Any CPU.Build.0 = Release|Any CPU
	EndGlobalSection
EndGlobal
